// !$*UTF8*$!
{
	archiveVersion = 1;
	classes = {
	};
	objectVersion = 46;
	objects = {

/* Begin PBXBuildFile section */
		DBBB549119A37BA9007F77FD /* CCMultipartParser.m in Sources */ = {isa = PBXBuildFile; fileRef = DBBB549019A37BA9007F77FD /* CCMultipartParser.m */; };
		DBCE112F19470A9000ECAD14 /* Foundation.framework in Frameworks */ = {isa = PBXBuildFile; fileRef = DBCE112E19470A9000ECAD14 /* Foundation.framework */; };
		DBCE113D19470A9000ECAD14 /* XCTest.framework in Frameworks */ = {isa = PBXBuildFile; fileRef = DBCE113C19470A9000ECAD14 /* XCTest.framework */; };
		DBCE113E19470A9000ECAD14 /* Foundation.framework in Frameworks */ = {isa = PBXBuildFile; fileRef = DBCE112E19470A9000ECAD14 /* Foundation.framework */; };
		DBCE114319470A9000ECAD14 /* libCCURLConnection.a in Frameworks */ = {isa = PBXBuildFile; fileRef = DBCE112B19470A9000ECAD14 /* libCCURLConnection.a */; };
		DBCE114919470A9000ECAD14 /* InfoPlist.strings in Resources */ = {isa = PBXBuildFile; fileRef = DBCE114719470A9000ECAD14 /* InfoPlist.strings */; };
		DBCE114B19470A9000ECAD14 /* CCURLConnectionTests.m in Sources */ = {isa = PBXBuildFile; fileRef = DBCE114A19470A9000ECAD14 /* CCURLConnectionTests.m */; };
		DBCE117A19470C8900ECAD14 /* CCApplication.m in Sources */ = {isa = PBXBuildFile; fileRef = DBCE115519470C8900ECAD14 /* CCApplication.m */; };
		DBCE117B19470C8900ECAD14 /* CCAspNetBodyEncoder.m in Sources */ = {isa = PBXBuildFile; fileRef = DBCE115819470C8900ECAD14 /* CCAspNetBodyEncoder.m */; };
		DBCE117C19470C8900ECAD14 /* CCAspNetMultipartBodyEncoder.m in Sources */ = {isa = PBXBuildFile; fileRef = DBCE115A19470C8900ECAD14 /* CCAspNetMultipartBodyEncoder.m */; };
		DBCE117D19470C8900ECAD14 /* CCAspNetQueryEncoder.m in Sources */ = {isa = PBXBuildFile; fileRef = DBCE115C19470C8900ECAD14 /* CCAspNetQueryEncoder.m */; };
		DBCE117E19470C8900ECAD14 /* CCDefaultBodyEncoder.m in Sources */ = {isa = PBXBuildFile; fileRef = DBCE115F19470C8900ECAD14 /* CCDefaultBodyEncoder.m */; };
		DBCE117F19470C8900ECAD14 /* CCDefaultMultipartBodyEncoder.m in Sources */ = {isa = PBXBuildFile; fileRef = DBCE116119470C8900ECAD14 /* CCDefaultMultipartBodyEncoder.m */; };
		DBCE118019470C8900ECAD14 /* CCDefaultQueryEncoder.m in Sources */ = {isa = PBXBuildFile; fileRef = DBCE116319470C8900ECAD14 /* CCDefaultQueryEncoder.m */; };
		DBCE118119470C8900ECAD14 /* CCJsonBodyEncoder.m in Sources */ = {isa = PBXBuildFile; fileRef = DBCE116519470C8900ECAD14 /* CCJsonBodyEncoder.m */; };
		DBCE118219470C8900ECAD14 /* CCFilePostParameter.m in Sources */ = {isa = PBXBuildFile; fileRef = DBCE116919470C8900ECAD14 /* CCFilePostParameter.m */; };
		DBCE118419470C8900ECAD14 /* NSString+EncodeURLParameter.m in Sources */ = {isa = PBXBuildFile; fileRef = DBCE116D19470C8900ECAD14 /* NSString+EncodeURLParameter.m */; };
		DBCE118619470C8900ECAD14 /* CCJsonParser.m in Sources */ = {isa = PBXBuildFile; fileRef = DBCE117219470C8900ECAD14 /* CCJsonParser.m */; };
		DBCE118719470C8900ECAD14 /* CCTextParser.m in Sources */ = {isa = PBXBuildFile; fileRef = DBCE117519470C8900ECAD14 /* CCTextParser.m */; };
		DBCE118819470C8900ECAD14 /* CCURLConnection.m in Sources */ = {isa = PBXBuildFile; fileRef = DBCE117719470C8900ECAD14 /* CCURLConnection.m */; };
		DBCE118D1947202600ECAD14 /* CCBasicParser.m in Sources */ = {isa = PBXBuildFile; fileRef = DBCE118C1947202600ECAD14 /* CCBasicParser.m */; };
		DBCE119619473CA100ECAD14 /* UIKit.framework in Frameworks */ = {isa = PBXBuildFile; fileRef = DBCE119519473CA100ECAD14 /* UIKit.framework */; };
		DBCE119719473CAC00ECAD14 /* UIKit.framework in Frameworks */ = {isa = PBXBuildFile; fileRef = DBCE119519473CA100ECAD14 /* UIKit.framework */; };
/* End PBXBuildFile section */

/* Begin PBXContainerItemProxy section */
		DBCE114119470A9000ECAD14 /* PBXContainerItemProxy */ = {
			isa = PBXContainerItemProxy;
			containerPortal = DBCE112319470A9000ECAD14 /* Project object */;
			proxyType = 1;
			remoteGlobalIDString = DBCE112A19470A9000ECAD14;
			remoteInfo = CCURLConnection;
		};
/* End PBXContainerItemProxy section */

/* Begin PBXCopyFilesBuildPhase section */
		DBCE112919470A9000ECAD14 /* CopyFiles */ = {
			isa = PBXCopyFilesBuildPhase;
			buildActionMask = 2147483647;
			dstPath = "include/$(PRODUCT_NAME)";
			dstSubfolderSpec = 16;
			files = (
			);
			runOnlyForDeploymentPostprocessing = 0;
		};
/* End PBXCopyFilesBuildPhase section */

/* Begin PBXFileReference section */
		DBBB548F19A37BA9007F77FD /* CCMultipartParser.h */ = {isa = PBXFileReference; fileEncoding = 4; lastKnownFileType = sourcecode.c.h; path = CCMultipartParser.h; sourceTree = "<group>"; };
		DBBB549019A37BA9007F77FD /* CCMultipartParser.m */ = {isa = PBXFileReference; fileEncoding = 4; lastKnownFileType = sourcecode.c.objc; path = CCMultipartParser.m; sourceTree = "<group>"; };
		DBCE112B19470A9000ECAD14 /* libCCURLConnection.a */ = {isa = PBXFileReference; explicitFileType = archive.ar; includeInIndex = 0; path = libCCURLConnection.a; sourceTree = BUILT_PRODUCTS_DIR; };
		DBCE112E19470A9000ECAD14 /* Foundation.framework */ = {isa = PBXFileReference; lastKnownFileType = wrapper.framework; name = Foundation.framework; path = System/Library/Frameworks/Foundation.framework; sourceTree = SDKROOT; };
		DBCE113219470A9000ECAD14 /* CCURLConnection-Prefix.pch */ = {isa = PBXFileReference; lastKnownFileType = sourcecode.c.h; path = "CCURLConnection-Prefix.pch"; sourceTree = "<group>"; };
		DBCE113B19470A9000ECAD14 /* CCURLConnectionTests.xctest */ = {isa = PBXFileReference; explicitFileType = wrapper.cfbundle; includeInIndex = 0; path = CCURLConnectionTests.xctest; sourceTree = BUILT_PRODUCTS_DIR; };
		DBCE113C19470A9000ECAD14 /* XCTest.framework */ = {isa = PBXFileReference; lastKnownFileType = wrapper.framework; name = XCTest.framework; path = Library/Frameworks/XCTest.framework; sourceTree = DEVELOPER_DIR; };
		DBCE114619470A9000ECAD14 /* CCURLConnectionTests-Info.plist */ = {isa = PBXFileReference; lastKnownFileType = text.plist.xml; path = "CCURLConnectionTests-Info.plist"; sourceTree = "<group>"; };
		DBCE114819470A9000ECAD14 /* en */ = {isa = PBXFileReference; lastKnownFileType = text.plist.strings; name = en; path = en.lproj/InfoPlist.strings; sourceTree = "<group>"; };
		DBCE114A19470A9000ECAD14 /* CCURLConnectionTests.m */ = {isa = PBXFileReference; lastKnownFileType = sourcecode.c.objc; path = CCURLConnectionTests.m; sourceTree = "<group>"; };
		DBCE115419470C8900ECAD14 /* CCApplication.h */ = {isa = PBXFileReference; fileEncoding = 4; lastKnownFileType = sourcecode.c.h; path = CCApplication.h; sourceTree = "<group>"; };
		DBCE115519470C8900ECAD14 /* CCApplication.m */ = {isa = PBXFileReference; fileEncoding = 4; lastKnownFileType = sourcecode.c.objc; path = CCApplication.m; sourceTree = "<group>"; };
		DBCE115719470C8900ECAD14 /* CCAspNetBodyEncoder.h */ = {isa = PBXFileReference; fileEncoding = 4; lastKnownFileType = sourcecode.c.h; path = CCAspNetBodyEncoder.h; sourceTree = "<group>"; };
		DBCE115819470C8900ECAD14 /* CCAspNetBodyEncoder.m */ = {isa = PBXFileReference; fileEncoding = 4; lastKnownFileType = sourcecode.c.objc; path = CCAspNetBodyEncoder.m; sourceTree = "<group>"; };
		DBCE115919470C8900ECAD14 /* CCAspNetMultipartBodyEncoder.h */ = {isa = PBXFileReference; fileEncoding = 4; lastKnownFileType = sourcecode.c.h; path = CCAspNetMultipartBodyEncoder.h; sourceTree = "<group>"; };
		DBCE115A19470C8900ECAD14 /* CCAspNetMultipartBodyEncoder.m */ = {isa = PBXFileReference; fileEncoding = 4; lastKnownFileType = sourcecode.c.objc; path = CCAspNetMultipartBodyEncoder.m; sourceTree = "<group>"; };
		DBCE115B19470C8900ECAD14 /* CCAspNetQueryEncoder.h */ = {isa = PBXFileReference; fileEncoding = 4; lastKnownFileType = sourcecode.c.h; path = CCAspNetQueryEncoder.h; sourceTree = "<group>"; };
		DBCE115C19470C8900ECAD14 /* CCAspNetQueryEncoder.m */ = {isa = PBXFileReference; fileEncoding = 4; lastKnownFileType = sourcecode.c.objc; path = CCAspNetQueryEncoder.m; sourceTree = "<group>"; };
		DBCE115D19470C8900ECAD14 /* CCBodyEncoder.h */ = {isa = PBXFileReference; fileEncoding = 4; lastKnownFileType = sourcecode.c.h; path = CCBodyEncoder.h; sourceTree = "<group>"; };
		DBCE115E19470C8900ECAD14 /* CCDefaultBodyEncoder.h */ = {isa = PBXFileReference; fileEncoding = 4; lastKnownFileType = sourcecode.c.h; path = CCDefaultBodyEncoder.h; sourceTree = "<group>"; };
		DBCE115F19470C8900ECAD14 /* CCDefaultBodyEncoder.m */ = {isa = PBXFileReference; fileEncoding = 4; lastKnownFileType = sourcecode.c.objc; path = CCDefaultBodyEncoder.m; sourceTree = "<group>"; };
		DBCE116019470C8900ECAD14 /* CCDefaultMultipartBodyEncoder.h */ = {isa = PBXFileReference; fileEncoding = 4; lastKnownFileType = sourcecode.c.h; path = CCDefaultMultipartBodyEncoder.h; sourceTree = "<group>"; };
		DBCE116119470C8900ECAD14 /* CCDefaultMultipartBodyEncoder.m */ = {isa = PBXFileReference; fileEncoding = 4; lastKnownFileType = sourcecode.c.objc; path = CCDefaultMultipartBodyEncoder.m; sourceTree = "<group>"; };
		DBCE116219470C8900ECAD14 /* CCDefaultQueryEncoder.h */ = {isa = PBXFileReference; fileEncoding = 4; lastKnownFileType = sourcecode.c.h; path = CCDefaultQueryEncoder.h; sourceTree = "<group>"; };
		DBCE116319470C8900ECAD14 /* CCDefaultQueryEncoder.m */ = {isa = PBXFileReference; fileEncoding = 4; lastKnownFileType = sourcecode.c.objc; path = CCDefaultQueryEncoder.m; sourceTree = "<group>"; };
		DBCE116419470C8900ECAD14 /* CCJsonBodyEncoder.h */ = {isa = PBXFileReference; fileEncoding = 4; lastKnownFileType = sourcecode.c.h; path = CCJsonBodyEncoder.h; sourceTree = "<group>"; };
		DBCE116519470C8900ECAD14 /* CCJsonBodyEncoder.m */ = {isa = PBXFileReference; fileEncoding = 4; lastKnownFileType = sourcecode.c.objc; path = CCJsonBodyEncoder.m; sourceTree = "<group>"; };
		DBCE116619470C8900ECAD14 /* CCMultipartEncoderConstants.h */ = {isa = PBXFileReference; fileEncoding = 4; lastKnownFileType = sourcecode.c.h; path = CCMultipartEncoderConstants.h; sourceTree = "<group>"; };
		DBCE116719470C8900ECAD14 /* CCQueryEncoder.h */ = {isa = PBXFileReference; fileEncoding = 4; lastKnownFileType = sourcecode.c.h; path = CCQueryEncoder.h; sourceTree = "<group>"; };
		DBCE116819470C8900ECAD14 /* CCFilePostParameter.h */ = {isa = PBXFileReference; fileEncoding = 4; lastKnownFileType = sourcecode.c.h; path = CCFilePostParameter.h; sourceTree = "<group>"; };
		DBCE116919470C8900ECAD14 /* CCFilePostParameter.m */ = {isa = PBXFileReference; fileEncoding = 4; lastKnownFileType = sourcecode.c.objc; path = CCFilePostParameter.m; sourceTree = "<group>"; };
		DBCE116C19470C8900ECAD14 /* NSString+EncodeURLParameter.h */ = {isa = PBXFileReference; fileEncoding = 4; lastKnownFileType = sourcecode.c.h; path = "NSString+EncodeURLParameter.h"; sourceTree = "<group>"; };
		DBCE116D19470C8900ECAD14 /* NSString+EncodeURLParameter.m */ = {isa = PBXFileReference; fileEncoding = 4; lastKnownFileType = sourcecode.c.objc; path = "NSString+EncodeURLParameter.m"; sourceTree = "<group>"; };
		DBCE117119470C8900ECAD14 /* CCJsonParser.h */ = {isa = PBXFileReference; fileEncoding = 4; lastKnownFileType = sourcecode.c.h; path = CCJsonParser.h; sourceTree = "<group>"; };
		DBCE117219470C8900ECAD14 /* CCJsonParser.m */ = {isa = PBXFileReference; fileEncoding = 4; lastKnownFileType = sourcecode.c.objc; path = CCJsonParser.m; sourceTree = "<group>"; };
		DBCE117419470C8900ECAD14 /* CCTextParser.h */ = {isa = PBXFileReference; fileEncoding = 4; lastKnownFileType = sourcecode.c.h; path = CCTextParser.h; sourceTree = "<group>"; };
		DBCE117519470C8900ECAD14 /* CCTextParser.m */ = {isa = PBXFileReference; fileEncoding = 4; lastKnownFileType = sourcecode.c.objc; path = CCTextParser.m; sourceTree = "<group>"; };
		DBCE117619470C8900ECAD14 /* CCURLConnection.h */ = {isa = PBXFileReference; fileEncoding = 4; lastKnownFileType = sourcecode.c.h; path = CCURLConnection.h; sourceTree = "<group>"; };
		DBCE117719470C8900ECAD14 /* CCURLConnection.m */ = {isa = PBXFileReference; fileEncoding = 4; lastKnownFileType = sourcecode.c.objc; path = CCURLConnection.m; sourceTree = "<group>"; };
		DBCE118A1947130400ECAD14 /* CCParsers.h */ = {isa = PBXFileReference; lastKnownFileType = sourcecode.c.h; path = CCParsers.h; sourceTree = "<group>"; };
		DBCE118B1947202600ECAD14 /* CCBasicParser.h */ = {isa = PBXFileReference; fileEncoding = 4; lastKnownFileType = sourcecode.c.h; path = CCBasicParser.h; sourceTree = "<group>"; };
		DBCE118C1947202600ECAD14 /* CCBasicParser.m */ = {isa = PBXFileReference; fileEncoding = 4; lastKnownFileType = sourcecode.c.objc; path = CCBasicParser.m; sourceTree = "<group>"; };
		DBCE118E1947206000ECAD14 /* CCParser.h */ = {isa = PBXFileReference; lastKnownFileType = sourcecode.c.h; path = CCParser.h; sourceTree = "<group>"; };
		DBCE118F1947231D00ECAD14 /* CCEncoders.h */ = {isa = PBXFileReference; lastKnownFileType = sourcecode.c.h; path = CCEncoders.h; sourceTree = "<group>"; };
		DBCE119319473BED00ECAD14 /* CCURLConnection.podspec */ = {isa = PBXFileReference; lastKnownFileType = text; path = CCURLConnection.podspec; sourceTree = "<group>"; };
		DBCE119519473CA100ECAD14 /* UIKit.framework */ = {isa = PBXFileReference; lastKnownFileType = wrapper.framework; name = UIKit.framework; path = System/Library/Frameworks/UIKit.framework; sourceTree = SDKROOT; };
/* End PBXFileReference section */

/* Begin PBXFrameworksBuildPhase section */
		DBCE112819470A9000ECAD14 /* Frameworks */ = {
			isa = PBXFrameworksBuildPhase;
			buildActionMask = 2147483647;
			files = (
				DBCE119619473CA100ECAD14 /* UIKit.framework in Frameworks */,
				DBCE112F19470A9000ECAD14 /* Foundation.framework in Frameworks */,
			);
			runOnlyForDeploymentPostprocessing = 0;
		};
		DBCE113819470A9000ECAD14 /* Frameworks */ = {
			isa = PBXFrameworksBuildPhase;
			buildActionMask = 2147483647;
			files = (
				DBCE113D19470A9000ECAD14 /* XCTest.framework in Frameworks */,
				DBCE119719473CAC00ECAD14 /* UIKit.framework in Frameworks */,
				DBCE113E19470A9000ECAD14 /* Foundation.framework in Frameworks */,
				DBCE114319470A9000ECAD14 /* libCCURLConnection.a in Frameworks */,
			);
			runOnlyForDeploymentPostprocessing = 0;
		};
/* End PBXFrameworksBuildPhase section */

/* Begin PBXGroup section */
		DBCE112219470A9000ECAD14 = {
			isa = PBXGroup;
			children = (
				DBCE119319473BED00ECAD14 /* CCURLConnection.podspec */,
				DBCE113019470A9000ECAD14 /* CCURLConnection */,
				DBCE114419470A9000ECAD14 /* CCURLConnectionTests */,
				DBCE112D19470A9000ECAD14 /* Frameworks */,
				DBCE112C19470A9000ECAD14 /* Products */,
			);
			sourceTree = "<group>";
		};
		DBCE112C19470A9000ECAD14 /* Products */ = {
			isa = PBXGroup;
			children = (
				DBCE112B19470A9000ECAD14 /* libCCURLConnection.a */,
				DBCE113B19470A9000ECAD14 /* CCURLConnectionTests.xctest */,
			);
			name = Products;
			sourceTree = "<group>";
		};
		DBCE112D19470A9000ECAD14 /* Frameworks */ = {
			isa = PBXGroup;
			children = (
				DBCE119519473CA100ECAD14 /* UIKit.framework */,
				DBCE112E19470A9000ECAD14 /* Foundation.framework */,
				DBCE113C19470A9000ECAD14 /* XCTest.framework */,
			);
			name = Frameworks;
			sourceTree = "<group>";
		};
		DBCE113019470A9000ECAD14 /* CCURLConnection */ = {
			isa = PBXGroup;
			children = (
				DBCE115619470C8900ECAD14 /* Encoders */,
				DBCE116E19470C8900ECAD14 /* Parsers */,
				DBCE115419470C8900ECAD14 /* CCApplication.h */,
				DBCE115519470C8900ECAD14 /* CCApplication.m */,
				DBCE116819470C8900ECAD14 /* CCFilePostParameter.h */,
				DBCE116919470C8900ECAD14 /* CCFilePostParameter.m */,
				DBCE116C19470C8900ECAD14 /* NSString+EncodeURLParameter.h */,
				DBCE116D19470C8900ECAD14 /* NSString+EncodeURLParameter.m */,
				DBCE117619470C8900ECAD14 /* CCURLConnection.h */,
				DBCE117719470C8900ECAD14 /* CCURLConnection.m */,
				DBCE113119470A9000ECAD14 /* Supporting Files */,
			);
			path = CCURLConnection;
			sourceTree = "<group>";
		};
		DBCE113119470A9000ECAD14 /* Supporting Files */ = {
			isa = PBXGroup;
			children = (
				DBCE113219470A9000ECAD14 /* CCURLConnection-Prefix.pch */,
			);
			name = "Supporting Files";
			sourceTree = "<group>";
		};
		DBCE114419470A9000ECAD14 /* CCURLConnectionTests */ = {
			isa = PBXGroup;
			children = (
				DBCE114A19470A9000ECAD14 /* CCURLConnectionTests.m */,
				DBCE114519470A9000ECAD14 /* Supporting Files */,
			);
			path = CCURLConnectionTests;
			sourceTree = "<group>";
		};
		DBCE114519470A9000ECAD14 /* Supporting Files */ = {
			isa = PBXGroup;
			children = (
				DBCE114619470A9000ECAD14 /* CCURLConnectionTests-Info.plist */,
				DBCE114719470A9000ECAD14 /* InfoPlist.strings */,
			);
			name = "Supporting Files";
			sourceTree = "<group>";
		};
		DBCE115619470C8900ECAD14 /* Encoders */ = {
			isa = PBXGroup;
			children = (
				DBCE118F1947231D00ECAD14 /* CCEncoders.h */,
				DBCE116619470C8900ECAD14 /* CCMultipartEncoderConstants.h */,
				DBCE115D19470C8900ECAD14 /* CCBodyEncoder.h */,
				DBCE115E19470C8900ECAD14 /* CCDefaultBodyEncoder.h */,
				DBCE115F19470C8900ECAD14 /* CCDefaultBodyEncoder.m */,
				DBCE116019470C8900ECAD14 /* CCDefaultMultipartBodyEncoder.h */,
				DBCE116119470C8900ECAD14 /* CCDefaultMultipartBodyEncoder.m */,
				DBCE115719470C8900ECAD14 /* CCAspNetBodyEncoder.h */,
				DBCE115819470C8900ECAD14 /* CCAspNetBodyEncoder.m */,
				DBCE115919470C8900ECAD14 /* CCAspNetMultipartBodyEncoder.h */,
				DBCE115A19470C8900ECAD14 /* CCAspNetMultipartBodyEncoder.m */,
				DBCE116419470C8900ECAD14 /* CCJsonBodyEncoder.h */,
				DBCE116519470C8900ECAD14 /* CCJsonBodyEncoder.m */,
				DBCE116719470C8900ECAD14 /* CCQueryEncoder.h */,
				DBCE116219470C8900ECAD14 /* CCDefaultQueryEncoder.h */,
				DBCE116319470C8900ECAD14 /* CCDefaultQueryEncoder.m */,
				DBCE115B19470C8900ECAD14 /* CCAspNetQueryEncoder.h */,
				DBCE115C19470C8900ECAD14 /* CCAspNetQueryEncoder.m */,
			);
			path = Encoders;
			sourceTree = "<group>";
		};
		DBCE116E19470C8900ECAD14 /* Parsers */ = {
			isa = PBXGroup;
			children = (
				DBCE118A1947130400ECAD14 /* CCParsers.h */,
				DBCE118E1947206000ECAD14 /* CCParser.h */,
				DBCE117119470C8900ECAD14 /* CCJsonParser.h */,
				DBCE117219470C8900ECAD14 /* CCJsonParser.m */,
				DBCE117419470C8900ECAD14 /* CCTextParser.h */,
				DBCE117519470C8900ECAD14 /* CCTextParser.m */,
				DBCE118B1947202600ECAD14 /* CCBasicParser.h */,
				DBCE118C1947202600ECAD14 /* CCBasicParser.m */,
				DBBB548F19A37BA9007F77FD /* CCMultipartParser.h */,
				DBBB549019A37BA9007F77FD /* CCMultipartParser.m */,
			);
			path = Parsers;
			sourceTree = "<group>";
		};
/* End PBXGroup section */

/* Begin PBXNativeTarget section */
		DBCE112A19470A9000ECAD14 /* CCURLConnection */ = {
			isa = PBXNativeTarget;
			buildConfigurationList = DBCE114E19470A9000ECAD14 /* Build configuration list for PBXNativeTarget "CCURLConnection" */;
			buildPhases = (
				DBCE112719470A9000ECAD14 /* Sources */,
				DBCE112819470A9000ECAD14 /* Frameworks */,
				DBCE112919470A9000ECAD14 /* CopyFiles */,
			);
			buildRules = (
			);
			dependencies = (
			);
			name = CCURLConnection;
			productName = CCURLConnection;
			productReference = DBCE112B19470A9000ECAD14 /* libCCURLConnection.a */;
			productType = "com.apple.product-type.library.static";
		};
		DBCE113A19470A9000ECAD14 /* CCURLConnectionTests */ = {
			isa = PBXNativeTarget;
			buildConfigurationList = DBCE115119470A9000ECAD14 /* Build configuration list for PBXNativeTarget "CCURLConnectionTests" */;
			buildPhases = (
				DBCE113719470A9000ECAD14 /* Sources */,
				DBCE113819470A9000ECAD14 /* Frameworks */,
				DBCE113919470A9000ECAD14 /* Resources */,
			);
			buildRules = (
			);
			dependencies = (
				DBCE114219470A9000ECAD14 /* PBXTargetDependency */,
			);
			name = CCURLConnectionTests;
			productName = CCURLConnectionTests;
			productReference = DBCE113B19470A9000ECAD14 /* CCURLConnectionTests.xctest */;
			productType = "com.apple.product-type.bundle.unit-test";
		};
/* End PBXNativeTarget section */

/* Begin PBXProject section */
		DBCE112319470A9000ECAD14 /* Project object */ = {
			isa = PBXProject;
			attributes = {
				LastUpgradeCheck = 0510;
			};
			buildConfigurationList = DBCE112619470A9000ECAD14 /* Build configuration list for PBXProject "CCURLConnection" */;
			compatibilityVersion = "Xcode 3.2";
			developmentRegion = English;
			hasScannedForEncodings = 0;
			knownRegions = (
				en,
			);
			mainGroup = DBCE112219470A9000ECAD14;
			productRefGroup = DBCE112C19470A9000ECAD14 /* Products */;
			projectDirPath = "";
			projectRoot = "";
			targets = (
				DBCE112A19470A9000ECAD14 /* CCURLConnection */,
				DBCE113A19470A9000ECAD14 /* CCURLConnectionTests */,
			);
		};
/* End PBXProject section */

/* Begin PBXResourcesBuildPhase section */
		DBCE113919470A9000ECAD14 /* Resources */ = {
			isa = PBXResourcesBuildPhase;
			buildActionMask = 2147483647;
			files = (
				DBCE114919470A9000ECAD14 /* InfoPlist.strings in Resources */,
			);
			runOnlyForDeploymentPostprocessing = 0;
		};
/* End PBXResourcesBuildPhase section */

/* Begin PBXSourcesBuildPhase section */
		DBCE112719470A9000ECAD14 /* Sources */ = {
			isa = PBXSourcesBuildPhase;
			buildActionMask = 2147483647;
			files = (
				DBBB549119A37BA9007F77FD /* CCMultipartParser.m in Sources */,
				DBCE118819470C8900ECAD14 /* CCURLConnection.m in Sources */,
				DBCE118619470C8900ECAD14 /* CCJsonParser.m in Sources */,
				DBCE117D19470C8900ECAD14 /* CCAspNetQueryEncoder.m in Sources */,
				DBCE118719470C8900ECAD14 /* CCTextParser.m in Sources */,
				DBCE118D1947202600ECAD14 /* CCBasicParser.m in Sources */,
				DBCE117C19470C8900ECAD14 /* CCAspNetMultipartBodyEncoder.m in Sources */,
				DBCE118419470C8900ECAD14 /* NSString+EncodeURLParameter.m in Sources */,
				DBCE118019470C8900ECAD14 /* CCDefaultQueryEncoder.m in Sources */,
				DBCE117E19470C8900ECAD14 /* CCDefaultBodyEncoder.m in Sources */,
				DBCE118119470C8900ECAD14 /* CCJsonBodyEncoder.m in Sources */,
				DBCE117F19470C8900ECAD14 /* CCDefaultMultipartBodyEncoder.m in Sources */,
				DBCE117A19470C8900ECAD14 /* CCApplication.m in Sources */,
				DBCE118219470C8900ECAD14 /* CCFilePostParameter.m in Sources */,
				DBCE117B19470C8900ECAD14 /* CCAspNetBodyEncoder.m in Sources */,
			);
			runOnlyForDeploymentPostprocessing = 0;
		};
		DBCE113719470A9000ECAD14 /* Sources */ = {
			isa = PBXSourcesBuildPhase;
			buildActionMask = 2147483647;
			files = (
				DBCE114B19470A9000ECAD14 /* CCURLConnectionTests.m in Sources */,
			);
			runOnlyForDeploymentPostprocessing = 0;
		};
/* End PBXSourcesBuildPhase section */

/* Begin PBXTargetDependency section */
		DBCE114219470A9000ECAD14 /* PBXTargetDependency */ = {
			isa = PBXTargetDependency;
			target = DBCE112A19470A9000ECAD14 /* CCURLConnection */;
			targetProxy = DBCE114119470A9000ECAD14 /* PBXContainerItemProxy */;
		};
/* End PBXTargetDependency section */

/* Begin PBXVariantGroup section */
		DBCE114719470A9000ECAD14 /* InfoPlist.strings */ = {
			isa = PBXVariantGroup;
			children = (
				DBCE114819470A9000ECAD14 /* en */,
			);
			name = InfoPlist.strings;
			sourceTree = "<group>";
		};
/* End PBXVariantGroup section */

/* Begin XCBuildConfiguration section */
		DBCE114C19470A9000ECAD14 /* Debug */ = {
			isa = XCBuildConfiguration;
			buildSettings = {
				ALWAYS_SEARCH_USER_PATHS = NO;
				CLANG_CXX_LANGUAGE_STANDARD = "gnu++0x";
				CLANG_CXX_LIBRARY = "libc++";
				CLANG_ENABLE_MODULES = YES;
				CLANG_ENABLE_OBJC_ARC = YES;
				CLANG_WARN_BOOL_CONVERSION = YES;
				CLANG_WARN_CONSTANT_CONVERSION = YES;
				CLANG_WARN_DIRECT_OBJC_ISA_USAGE = YES_ERROR;
				CLANG_WARN_EMPTY_BODY = YES;
				CLANG_WARN_ENUM_CONVERSION = YES;
				CLANG_WARN_INT_CONVERSION = YES;
				CLANG_WARN_OBJC_ROOT_CLASS = YES_ERROR;
				CLANG_WARN__DUPLICATE_METHOD_MATCH = YES;
				COPY_PHASE_STRIP = NO;
				GCC_C_LANGUAGE_STANDARD = gnu99;
				GCC_DYNAMIC_NO_PIC = NO;
				GCC_OPTIMIZATION_LEVEL = 0;
				GCC_PREPROCESSOR_DEFINITIONS = (
					"DEBUG=1",
					"$(inherited)",
				);
				GCC_SYMBOLS_PRIVATE_EXTERN = NO;
				GCC_WARN_64_TO_32_BIT_CONVERSION = YES;
				GCC_WARN_ABOUT_RETURN_TYPE = YES_ERROR;
				GCC_WARN_UNDECLARED_SELECTOR = YES;
				GCC_WARN_UNINITIALIZED_AUTOS = YES_AGGRESSIVE;
				GCC_WARN_UNUSED_FUNCTION = YES;
				GCC_WARN_UNUSED_VARIABLE = YES;
				IPHONEOS_DEPLOYMENT_TARGET = 7.1;
				ONLY_ACTIVE_ARCH = YES;
				SDKROOT = iphoneos;
			};
			name = Debug;
		};
		DBCE114D19470A9000ECAD14 /* Release */ = {
			isa = XCBuildConfiguration;
			buildSettings = {
				ALWAYS_SEARCH_USER_PATHS = NO;
				CLANG_CXX_LANGUAGE_STANDARD = "gnu++0x";
				CLANG_CXX_LIBRARY = "libc++";
				CLANG_ENABLE_MODULES = YES;
				CLANG_ENABLE_OBJC_ARC = YES;
				CLANG_WARN_BOOL_CONVERSION = YES;
				CLANG_WARN_CONSTANT_CONVERSION = YES;
				CLANG_WARN_DIRECT_OBJC_ISA_USAGE = YES_ERROR;
				CLANG_WARN_EMPTY_BODY = YES;
				CLANG_WARN_ENUM_CONVERSION = YES;
				CLANG_WARN_INT_CONVERSION = YES;
				CLANG_WARN_OBJC_ROOT_CLASS = YES_ERROR;
				CLANG_WARN__DUPLICATE_METHOD_MATCH = YES;
				COPY_PHASE_STRIP = YES;
				ENABLE_NS_ASSERTIONS = NO;
				GCC_C_LANGUAGE_STANDARD = gnu99;
				GCC_WARN_64_TO_32_BIT_CONVERSION = YES;
				GCC_WARN_ABOUT_RETURN_TYPE = YES_ERROR;
				GCC_WARN_UNDECLARED_SELECTOR = YES;
				GCC_WARN_UNINITIALIZED_AUTOS = YES_AGGRESSIVE;
				GCC_WARN_UNUSED_FUNCTION = YES;
				GCC_WARN_UNUSED_VARIABLE = YES;
				IPHONEOS_DEPLOYMENT_TARGET = 7.1;
				SDKROOT = iphoneos;
				VALIDATE_PRODUCT = YES;
			};
			name = Release;
		};
		DBCE114F19470A9000ECAD14 /* Debug */ = {
			isa = XCBuildConfiguration;
			buildSettings = {
				DSTROOT = /tmp/CCURLConnection.dst;
				FRAMEWORK_SEARCH_PATHS = (
					"$(inherited)",
					"$(DEVELOPER_FRAMEWORKS_DIR)",
				);
				GCC_PRECOMPILE_PREFIX_HEADER = YES;
				GCC_PREFIX_HEADER = "CCURLConnection/CCURLConnection-Prefix.pch";
				OTHER_LDFLAGS = "-ObjC";
				PRODUCT_NAME = "$(TARGET_NAME)";
				SKIP_INSTALL = YES;
			};
			name = Debug;
		};
		DBCE115019470A9000ECAD14 /* Release */ = {
			isa = XCBuildConfiguration;
			buildSettings = {
				DSTROOT = /tmp/CCURLConnection.dst;
				FRAMEWORK_SEARCH_PATHS = (
					"$(inherited)",
					"$(DEVELOPER_FRAMEWORKS_DIR)",
				);
				GCC_PRECOMPILE_PREFIX_HEADER = YES;
				GCC_PREFIX_HEADER = "CCURLConnection/CCURLConnection-Prefix.pch";
				OTHER_LDFLAGS = "-ObjC";
				PRODUCT_NAME = "$(TARGET_NAME)";
				SKIP_INSTALL = YES;
			};
			name = Release;
		};
		DBCE115219470A9000ECAD14 /* Debug */ = {
			isa = XCBuildConfiguration;
			buildSettings = {
				FRAMEWORK_SEARCH_PATHS = (
					"$(SDKROOT)/Developer/Library/Frameworks",
					"$(inherited)",
					"$(DEVELOPER_FRAMEWORKS_DIR)",
				);
				GCC_PRECOMPILE_PREFIX_HEADER = YES;
				GCC_PREFIX_HEADER = "CCURLConnection/CCURLConnection-Prefix.pch";
				GCC_PREPROCESSOR_DEFINITIONS = (
					"DEBUG=1",
					"$(inherited)",
				);
				INFOPLIST_FILE = "CCURLConnectionTests/CCURLConnectionTests-Info.plist";
				PRODUCT_NAME = "$(TARGET_NAME)";
				WRAPPER_EXTENSION = xctest;
			};
			name = Debug;
		};
		DBCE115319470A9000ECAD14 /* Release */ = {
			isa = XCBuildConfiguration;
			buildSettings = {
				FRAMEWORK_SEARCH_PATHS = (
					"$(SDKROOT)/Developer/Library/Frameworks",
					"$(inherited)",
					"$(DEVELOPER_FRAMEWORKS_DIR)",
				);
				GCC_PRECOMPILE_PREFIX_HEADER = YES;
				GCC_PREFIX_HEADER = "CCURLConnection/CCURLConnection-Prefix.pch";
				INFOPLIST_FILE = "CCURLConnectionTests/CCURLConnectionTests-Info.plist";
				PRODUCT_NAME = "$(TARGET_NAME)";
				WRAPPER_EXTENSION = xctest;
			};
			name = Release;
		};
/* End XCBuildConfiguration section */

/* Begin XCConfigurationList section */
		DBCE112619470A9000ECAD14 /* Build configuration list for PBXProject "CCURLConnection" */ = {
			isa = XCConfigurationList;
			buildConfigurations = (
				DBCE114C19470A9000ECAD14 /* Debug */,
				DBCE114D19470A9000ECAD14 /* Release */,
			);
			defaultConfigurationIsVisible = 0;
			defaultConfigurationName = Release;
		};
		DBCE114E19470A9000ECAD14 /* Build configuration list for PBXNativeTarget "CCURLConnection" */ = {
			isa = XCConfigurationList;
			buildConfigurations = (
				DBCE114F19470A9000ECAD14 /* Debug */,
				DBCE115019470A9000ECAD14 /* Release */,
			);
			defaultConfigurationIsVisible = 0;
			defaultConfigurationName = Release;
		};
		DBCE115119470A9000ECAD14 /* Build configuration list for PBXNativeTarget "CCURLConnectionTests" */ = {
			isa = XCConfigurationList;
			buildConfigurations = (
				DBCE115219470A9000ECAD14 /* Debug */,
				DBCE115319470A9000ECAD14 /* Release */,
			);
			defaultConfigurationIsVisible = 0;
			defaultConfigurationName = Release;
		};
/* End XCConfigurationList section */
	};
	rootObject = DBCE112319470A9000ECAD14 /* Project object */;
}
